dependencies:
- name: kube-prometheus-stack
  repository: https://prometheus-community.github.io/helm-charts
  version: 43.1.4
- name: loki
  repository: https://grafana.github.io/helm-charts
  version: 2.16.0
- name: promtail
  repository: https://grafana.github.io/helm-charts
  version: 3.11.0
digest: sha256:6096b7d2c5ceda543e355c26af8242cf4707f136887e1e542f492ce992d94c96
generated: "2025-01-15T07:00:51.09972772Z"
