dependencies:
- name: kube-prometheus-stack
  repository: https://prometheus-community.github.io/helm-charts
  version: 43.3.1
- name: loki
  repository: https://grafana.github.io/helm-charts
  version: 2.16.0
- name: promtail
  repository: https://grafana.github.io/helm-charts
  version: 3.6.0
digest: sha256:270219496ebc8bdac184c316e85ca5cbcf9195d9f8d6194388ddea4aa3a66771
generated: "2025-01-15T07:00:21.035408428Z"
